
Microsoft Visual Studio Solution File, Format Version 12.00
# Visual Studio Version 17
VisualStudioVersion = 17.10.35027.167
MinimumVisualStudioVersion = 10.0.40219.1
Project("{FAE04EC0-301F-11D3-BF4B-00C04F79EFBC}") = "Algorithms", "Algorithms.csproj", "{F5B1B5FD-519E-493A-9ABA-188C854AF6B7}"
EndProject
Global
	GlobalSection(SolutionConfigurationPlatforms) = preSolution
		Debug|Any CPU = Debug|Any CPU
		Release|Any CPU = Release|Any CPU
	EndGlobalSection
	GlobalSection(ProjectConfigurationPlatforms) = postSolution
		{F5B1B5FD-519E-493A-9ABA-188C854AF6B7}.Debug|Any CPU.ActiveCfg = Debug|Any CPU
		{F5B1B5FD-519E-493A-9ABA-188C854AF6B7}.Debug|Any CPU.Build.0 = Debug|Any CPU
		{F5B1B5FD-519E-493A-9ABA-188C854AF6B7}.Release|Any CPU.ActiveCfg = Release|Any CPU
		{F5B1B5FD-519E-493A-9ABA-188C854AF6B7}.Release|Any CPU.Build.0 = Release|Any CPU
	EndGlobalSection
	GlobalSection(SolutionProperties) = preSolution
		HideSolutionNode = FALSE
	EndGlobalSection
	GlobalSection(ExtensibilityGlobals) = postSolution
		SolutionGuid = {AAB7FB9F-A3DE-4F2F-991E-0738E9385E93}
	EndGlobalSection
EndGlobal
